{"filter":false,"title":"package-lock.json","tooltip":"/eellin6.github.io/lodown/package-lock.json","undoManager":{"mark":-1,"position":-1,"stack":[]},"ace":{"folds":[],"scrolltop":0,"scrollleft":0,"selection":{"start":{"row":0,"column":0},"end":{"row":0,"column":0},"isBackwards":false},"options":{"guessTabSize":true,"useWrapMode":false,"wrapToView":true},"firstLineState":0},"timestamp":1596813105184,"hash":"9a52a8f9c2c643d2a3cb2a58e4fdee85e65462ad"}